
Microsoft Visual Studio Solution File, Format Version 12.00
Project("{FAE04EC0-301F-11D3-BF4B-00C04F79EFBC}") = "SpaceEngineers", "SpaceEngineers\SpaceEngineers.csproj", "{A9717BC5-2B7C-46F7-9ADB-BB94F7A27E0C}"
EndProject
Global
	GlobalSection(SolutionConfigurationPlatforms) = preSolution
		Debug|Any CPU = Debug|Any CPU
		Release|Any CPU = Release|Any CPU
	EndGlobalSection
	GlobalSection(ProjectConfigurationPlatforms) = postSolution
		{A9717BC5-2B7C-46F7-9ADB-BB94F7A27E0C}.Debug|Any CPU.ActiveCfg = Debug|Any CPU
		{A9717BC5-2B7C-46F7-9ADB-BB94F7A27E0C}.Debug|Any CPU.Build.0 = Debug|Any CPU
		{A9717BC5-2B7C-46F7-9ADB-BB94F7A27E0C}.Release|Any CPU.ActiveCfg = Release|Any CPU
		{A9717BC5-2B7C-46F7-9ADB-BB94F7A27E0C}.Release|Any CPU.Build.0 = Release|Any CPU
	EndGlobalSection
EndGlobal
